
Microsoft Visual Studio Solution File, Format Version 12.00
# Visual Studio Version 17
VisualStudioVersion = 17.9.34616.47
MinimumVisualStudioVersion = 10.0.40219.1
Project("{FAE04EC0-301F-11D3-BF4B-00C04F79EFBC}") = "WebAppAsyncTask", "WebAppAsyncTask.csproj", "{DC8090C8-C938-4AC1-97FD-5DAD53D3C99C}"
EndProject
Project("{FAE04EC0-301F-11D3-BF4B-00C04F79EFBC}") = "WebAppAsyncTaskConsole", "..\WebAppAsyncTaskConsole\WebAppAsyncTaskConsole.csproj", "{B59CE425-06C4-4CCA-ABF2-87D43073825F}"
EndProject
Global
	GlobalSection(SolutionConfigurationPlatforms) = preSolution
		Debug|Any CPU = Debug|Any CPU
		Release|Any CPU = Release|Any CPU
	EndGlobalSection
	GlobalSection(ProjectConfigurationPlatforms) = postSolution
		{DC8090C8-C938-4AC1-97FD-5DAD53D3C99C}.Debug|Any CPU.ActiveCfg = Debug|Any CPU
		{DC8090C8-C938-4AC1-97FD-5DAD53D3C99C}.Debug|Any CPU.Build.0 = Debug|Any CPU
		{DC8090C8-C938-4AC1-97FD-5DAD53D3C99C}.Release|Any CPU.ActiveCfg = Release|Any CPU
		{DC8090C8-C938-4AC1-97FD-5DAD53D3C99C}.Release|Any CPU.Build.0 = Release|Any CPU
		{B59CE425-06C4-4CCA-ABF2-87D43073825F}.Debug|Any CPU.ActiveCfg = Debug|Any CPU
		{B59CE425-06C4-4CCA-ABF2-87D43073825F}.Debug|Any CPU.Build.0 = Debug|Any CPU
		{B59CE425-06C4-4CCA-ABF2-87D43073825F}.Release|Any CPU.ActiveCfg = Release|Any CPU
		{B59CE425-06C4-4CCA-ABF2-87D43073825F}.Release|Any CPU.Build.0 = Release|Any CPU
	EndGlobalSection
	GlobalSection(SolutionProperties) = preSolution
		HideSolutionNode = FALSE
	EndGlobalSection
	GlobalSection(ExtensibilityGlobals) = postSolution
		SolutionGuid = {B1EBF04F-42F4-44DA-9C5B-B7E5B510E0E4}
	EndGlobalSection
EndGlobal
